
Microsoft Visual Studio Solution File, Format Version 12.00
# Visual Studio 2013
VisualStudioVersion = 12.0.31101.0
MinimumVisualStudioVersion = 10.0.40219.1
Project("{FAE04EC0-301F-11D3-BF4B-00C04F79EFBC}") = "dotNetObjectOrientation", "dotNetObjectOrientation\dotNetObjectOrientation.csproj", "{C66CD69E-FD87-4FAD-89C3-767DC0165732}"
EndProject
Project("{FAE04EC0-301F-11D3-BF4B-00C04F79EFBC}") = "dotNetObjectOrientationLibrary", "dotNetObjectOrientationLibrary\dotNetObjectOrientationLibrary.csproj", "{A2F1CC31-28B0-4152-9D1B-11F86953C7DA}"
EndProject
Project("{FAE04EC0-301F-11D3-BF4B-00C04F79EFBC}") = "dotNetUnity", "dotNetUnity\dotNetUnity.csproj", "{4AE870E2-1847-4D01-B2F0-5079527633D7}"
EndProject
Project("{FAE04EC0-301F-11D3-BF4B-00C04F79EFBC}") = "dotNetMVC", "dotNetMVC\dotNetMVC.csproj", "{84E202C9-BD3D-461B-B322-008905729ED4}"
EndProject
Global
	GlobalSection(SolutionConfigurationPlatforms) = preSolution
		Debug|Any CPU = Debug|Any CPU
		Release|Any CPU = Release|Any CPU
	EndGlobalSection
	GlobalSection(ProjectConfigurationPlatforms) = postSolution
		{C66CD69E-FD87-4FAD-89C3-767DC0165732}.Debug|Any CPU.ActiveCfg = Debug|Any CPU
		{C66CD69E-FD87-4FAD-89C3-767DC0165732}.Debug|Any CPU.Build.0 = Debug|Any CPU
		{C66CD69E-FD87-4FAD-89C3-767DC0165732}.Release|Any CPU.ActiveCfg = Release|Any CPU
		{C66CD69E-FD87-4FAD-89C3-767DC0165732}.Release|Any CPU.Build.0 = Release|Any CPU
		{A2F1CC31-28B0-4152-9D1B-11F86953C7DA}.Debug|Any CPU.ActiveCfg = Debug|Any CPU
		{A2F1CC31-28B0-4152-9D1B-11F86953C7DA}.Debug|Any CPU.Build.0 = Debug|Any CPU
		{A2F1CC31-28B0-4152-9D1B-11F86953C7DA}.Release|Any CPU.ActiveCfg = Release|Any CPU
		{A2F1CC31-28B0-4152-9D1B-11F86953C7DA}.Release|Any CPU.Build.0 = Release|Any CPU
		{4AE870E2-1847-4D01-B2F0-5079527633D7}.Debug|Any CPU.ActiveCfg = Debug|Any CPU
		{4AE870E2-1847-4D01-B2F0-5079527633D7}.Debug|Any CPU.Build.0 = Debug|Any CPU
		{4AE870E2-1847-4D01-B2F0-5079527633D7}.Release|Any CPU.ActiveCfg = Release|Any CPU
		{4AE870E2-1847-4D01-B2F0-5079527633D7}.Release|Any CPU.Build.0 = Release|Any CPU
		{84E202C9-BD3D-461B-B322-008905729ED4}.Debug|Any CPU.ActiveCfg = Debug|Any CPU
		{84E202C9-BD3D-461B-B322-008905729ED4}.Debug|Any CPU.Build.0 = Debug|Any CPU
		{84E202C9-BD3D-461B-B322-008905729ED4}.Release|Any CPU.ActiveCfg = Release|Any CPU
		{84E202C9-BD3D-461B-B322-008905729ED4}.Release|Any CPU.Build.0 = Release|Any CPU
	EndGlobalSection
	GlobalSection(SolutionProperties) = preSolution
		HideSolutionNode = FALSE
	EndGlobalSection
	GlobalSection(ExtensibilityGlobals) = postSolution
		EnterpriseLibraryConfigurationToolBinariesPath = packages\Unity.2.1.505.0\lib\NET35
	EndGlobalSection
EndGlobal
